
Microsoft Visual Studio Solution File, Format Version 12.00
# Visual Studio Version 17
VisualStudioVersion = 17.6.33723.286
MinimumVisualStudioVersion = 10.0.40219.1
Project("{9A19103F-16F7-4668-BE54-9A1E7A4F7556}") = "Schedule", "Schedule\Schedule.csproj", "{0DA2E024-7290-49D3-A748-3FD1F002281D}"
EndProject
Project("{9A19103F-16F7-4668-BE54-9A1E7A4F7556}") = "UniTable", "UniTable\UniTable.csproj", "{E08B6365-7F10-47B5-81CA-C5ED69D08976}"
EndProject
Project("{9A19103F-16F7-4668-BE54-9A1E7A4F7556}") = "Examath.Core", "..\..\Examath\Core\Examath.Core.csproj", "{A56247FB-D2EC-4D05-AB79-A0269BCD68CC}"
EndProject
Global
	GlobalSection(SolutionConfigurationPlatforms) = preSolution
		Debug|Any CPU = Debug|Any CPU
		Release|Any CPU = Release|Any CPU
	EndGlobalSection
	GlobalSection(ProjectConfigurationPlatforms) = postSolution
		{0DA2E024-7290-49D3-A748-3FD1F002281D}.Debug|Any CPU.ActiveCfg = Debug|Any CPU
		{0DA2E024-7290-49D3-A748-3FD1F002281D}.Debug|Any CPU.Build.0 = Debug|Any CPU
		{0DA2E024-7290-49D3-A748-3FD1F002281D}.Release|Any CPU.ActiveCfg = Release|Any CPU
		{0DA2E024-7290-49D3-A748-3FD1F002281D}.Release|Any CPU.Build.0 = Release|Any CPU
		{E08B6365-7F10-47B5-81CA-C5ED69D08976}.Debug|Any CPU.ActiveCfg = Debug|Any CPU
		{E08B6365-7F10-47B5-81CA-C5ED69D08976}.Debug|Any CPU.Build.0 = Debug|Any CPU
		{E08B6365-7F10-47B5-81CA-C5ED69D08976}.Release|Any CPU.ActiveCfg = Release|Any CPU
		{E08B6365-7F10-47B5-81CA-C5ED69D08976}.Release|Any CPU.Build.0 = Release|Any CPU
		{A56247FB-D2EC-4D05-AB79-A0269BCD68CC}.Debug|Any CPU.ActiveCfg = Debug|Any CPU
		{A56247FB-D2EC-4D05-AB79-A0269BCD68CC}.Debug|Any CPU.Build.0 = Debug|Any CPU
		{A56247FB-D2EC-4D05-AB79-A0269BCD68CC}.Release|Any CPU.ActiveCfg = Release|Any CPU
		{A56247FB-D2EC-4D05-AB79-A0269BCD68CC}.Release|Any CPU.Build.0 = Release|Any CPU
	EndGlobalSection
	GlobalSection(SolutionProperties) = preSolution
		HideSolutionNode = FALSE
	EndGlobalSection
	GlobalSection(ExtensibilityGlobals) = postSolution
		SolutionGuid = {6613AF74-314C-40F7-BDD6-2EEC6FC298B3}
	EndGlobalSection
EndGlobal
